
Microsoft Visual Studio Solution File, Format Version 12.00
# Visual Studio Version 17
VisualStudioVersion = 17.6.33815.320
MinimumVisualStudioVersion = 10.0.40219.1
Project("{FAE04EC0-301F-11D3-BF4B-00C04F79EFBC}") = "MVC", "MVC\MVC.csproj", "{59F51BEA-0853-49B3-808E-3093781C327A}"
EndProject
Global
	GlobalSection(SolutionConfigurationPlatforms) = preSolution
		Debug|Any CPU = Debug|Any CPU
		Release|Any CPU = Release|Any CPU
	EndGlobalSection
	GlobalSection(ProjectConfigurationPlatforms) = postSolution
		{59F51BEA-0853-49B3-808E-3093781C327A}.Debug|Any CPU.ActiveCfg = Debug|Any CPU
		{59F51BEA-0853-49B3-808E-3093781C327A}.Debug|Any CPU.Build.0 = Debug|Any CPU
		{59F51BEA-0853-49B3-808E-3093781C327A}.Release|Any CPU.ActiveCfg = Release|Any CPU
		{59F51BEA-0853-49B3-808E-3093781C327A}.Release|Any CPU.Build.0 = Release|Any CPU
	EndGlobalSection
	GlobalSection(SolutionProperties) = preSolution
		HideSolutionNode = FALSE
	EndGlobalSection
	GlobalSection(ExtensibilityGlobals) = postSolution
		SolutionGuid = {83CCC4C7-962D-4463-ABDD-3E3E18499D65}
	EndGlobalSection
EndGlobal
